
Microsoft Visual Studio Solution File, Format Version 12.00
# Visual Studio Version 16
VisualStudioVersion = 16.0.29709.97
MinimumVisualStudioVersion = 10.0.40219.1
Project("{8BC9CEB8-8B4A-11D0-8D11-00A0C91BC942}") = "pt4", "pt4.vcxproj", "{AF9A11C3-60A1-4736-9B3A-2429A1330543}"
EndProject
Global
	GlobalSection(SolutionConfigurationPlatforms) = preSolution
		Debug|x64 = Debug|x64
		Debug|x86 = Debug|x86
		Release|x64 = Release|x64
		Release|x86 = Release|x86
	EndGlobalSection
	GlobalSection(ProjectConfigurationPlatforms) = postSolution
		{AF9A11C3-60A1-4736-9B3A-2429A1330543}.Debug|x64.ActiveCfg = Debug|x64
		{AF9A11C3-60A1-4736-9B3A-2429A1330543}.Debug|x64.Build.0 = Debug|x64
		{AF9A11C3-60A1-4736-9B3A-2429A1330543}.Debug|x86.ActiveCfg = Debug|Win32
		{AF9A11C3-60A1-4736-9B3A-2429A1330543}.Debug|x86.Build.0 = Debug|Win32
		{AF9A11C3-60A1-4736-9B3A-2429A1330543}.Release|x64.ActiveCfg = Release|x64
		{AF9A11C3-60A1-4736-9B3A-2429A1330543}.Release|x64.Build.0 = Release|x64
		{AF9A11C3-60A1-4736-9B3A-2429A1330543}.Release|x86.ActiveCfg = Release|Win32
		{AF9A11C3-60A1-4736-9B3A-2429A1330543}.Release|x86.Build.0 = Release|Win32
	EndGlobalSection
	GlobalSection(SolutionProperties) = preSolution
		HideSolutionNode = FALSE
	EndGlobalSection
	GlobalSection(ExtensibilityGlobals) = postSolution
		SolutionGuid = {18FB85C4-4B06-43A8-9D35-5F74808D9706}
	EndGlobalSection
EndGlobal
